{
  "object": {
    "pins": [
      {
        "package": "Antlr4",
        "repositoryURL": "https://github.com/MaxHaertwig/ANTLR4-Swift.git",
        "state": {
          "branch": "main",
          "revision": "0cf468f7c9c28f3d78bad16537ff888278fd8111",
          "version": null
        }
      }
    ]
  },
  "version": 1
}
